Microsoft Visual Studio Solution File, Format Version 12.00
# Visual Studio 2012
Project("{FAE04EC0-301F-11D3-BF4B-00C04F79EFBC}") = "SampleProject", "SampleProject.csproj", "{3F273020-3BB2-4273-AB37-635176E662BC}"
EndProject
Global
	GlobalSection(SolutionConfigurationPlatforms) = preSolution
	Debug|Any CPU = Debug|Any CPU
	ExportDebug|Any CPU = ExportDebug|Any CPU
	ExportRelease|Any CPU = ExportRelease|Any CPU
	EndGlobalSection
	GlobalSection(ProjectConfigurationPlatforms) = postSolution
		{3F273020-3BB2-4273-AB37-635176E662BC}.Debug|Any CPU.ActiveCfg = Debug|Any CPU
		{3F273020-3BB2-4273-AB37-635176E662BC}.Debug|Any CPU.Build.0 = Debug|Any CPU
		{3F273020-3BB2-4273-AB37-635176E662BC}.ExportDebug|Any CPU.ActiveCfg = ExportDebug|Any CPU
		{3F273020-3BB2-4273-AB37-635176E662BC}.ExportDebug|Any CPU.Build.0 = ExportDebug|Any CPU
		{3F273020-3BB2-4273-AB37-635176E662BC}.ExportRelease|Any CPU.ActiveCfg = ExportRelease|Any CPU
		{3F273020-3BB2-4273-AB37-635176E662BC}.ExportRelease|Any CPU.Build.0 = ExportRelease|Any CPU
	EndGlobalSection
EndGlobal
